PyNaCl==1.6.2 \
    --hash=sha256:22de65bb9010a725b0dac248f353bb072969c94fa8d6b1f34b87d7953cf7bbe4 \
    --hash=sha256:8a66d6fb6ae7661c58995f9c6435bda2b1e68b54b598a6a10247bfcdadac996c \
    --hash=sha256:62985f233210dee6548c223301b6c25440852e13d59a8b81490203c3227c5ba0
cffi==2.0.0 \
    --hash=sha256:afb8db5439b81cf9c9d0c80404b60c3cc9c3add93e114dcae767f1477cb53775 \
    --hash=sha256:203a48d1fb583fc7d78a4c6655692963b860a417c0528492a6bc21f1aaefab25
pycparser==3.0 \
    --hash=sha256:b727414169a36b7d524c1c3e31839a521725078d7b2ff038656844266160a992
