# Generated by packages/graxpert/packaging/refresh_requirements_lock.py
# Hash-locked PyPI install set. Public PyPI wheels are downloaded by the host during install.

appdirs==1.4.4 --hash=sha256:a841dacd6b99318a741b166adb07e19ee71a274450e68237b4650ca1055ab128
argon2-cffi==25.1.0 --hash=sha256:fdc8b074db390fccb6eb4a3604ae7231f219aa669a2652e0f20e16ba513d5741
argon2-cffi-bindings==25.1.0 --hash=sha256:a98cd7d17e9f7ce244c0803cad3c23a7d379c301ba618a5fa76a67d116618b98 --hash=sha256:d3e924cfc503018a714f94a49a149fdc0b644eaead5d1f089330399134fa028a
astropy==7.2.0 --hash=sha256:2f39ce2c80211fbceb005d377a5478cd0d66c42aa1498d252f2239fe5a025c24 --hash=sha256:dc7c340ba1713e55c93071b32033f3153470a0f663a4d539c03a7c9b44020790
astropy-iers-data==0.2026.4.20.0.58.15 --hash=sha256:37e9c1c32215584067a55839b8ce744cf0b3b0a30b7ebebc2d1e908b0556a24d
certifi==2026.4.22 --hash=sha256:3cb2210c8f88ba2318d29b0388d1023c8492ff72ecdde4ebdaddbb13a31b1c4a
cffi==2.0.0 --hash=sha256:203a48d1fb583fc7d78a4c6655692963b860a417c0528492a6bc21f1aaefab25 --hash=sha256:afb8db5439b81cf9c9d0c80404b60c3cc9c3add93e114dcae767f1477cb53775
charset-normalizer==3.4.7 --hash=sha256:92a0a01ead5e668468e952e4238cccd7c537364eb7d851ab144ab6627dbbe12f --hash=sha256:bd6c2a1c7573c64738d716488d2cdd3c00e340e4835707d8fdb8dc1a66ef164e
flatbuffers==25.12.19 --hash=sha256:7634f50c427838bb021c2d66a3d1168e9d199b0607e6329399f04846d42e20b4
graxpert==3.2.0a2 --hash=sha256:4ca52d0a29e6935937cad7e83224ab0344e35df4971b3785f822d835420e2f8b
idna==3.13 --hash=sha256:892ea0cde124a99ce773decba204c5552b69c3c67ffd5f232eb7696135bc8bb3
imageio==2.37.3 --hash=sha256:46f5bb8522cd421c0f5ae104d8268f569d856b29eb1a13b92829d1970f32c9f0
lz4==4.4.5 --hash=sha256:0bba042ec5a61fa77c7e380351a61cb768277801240249841defd2ff0a10742f --hash=sha256:92159782a4502858a21e0079d77cdcaade23e8a5d252ddf46b0652604300d7be
minio==7.2.20 --hash=sha256:eb33dd2fb80e04c3726a76b13241c6be3c4c46f8d81e1d58e757786f6501897e
ml-dtypes==0.5.4 --hash=sha256:14a4fd3228af936461db66faccef6e4f41c1d82fcc30e9f8d58a08916b1d811f --hash=sha256:8c6a2dcebd6f3903e05d51960a8058d6e131fe69f952a5397e5dbabc841b6d56
mpmath==1.3.0 --hash=sha256:a0b2b9fe80bbcd81a6647ff13108738cfb482d481d826cc0e02f5b35e5c88d2c
nvidia-cublas-cu12==12.6.4.1 --hash=sha256:08ed2686e9875d01b58e3cb379c6896df8e76c75e0d4a7f7dace3d7b6d9ef8eb --hash=sha256:9e4fa264f4d8a4eb0cdbd34beadc029f453b3bafae02401e999cf3d5a5af75f8
nvidia-cuda-nvrtc-cu12==12.9.86 --hash=sha256:210cf05005a447e29214e9ce50851e83fc5f4358df8b453155d5e1918094dcb4 --hash=sha256:72972ebdcf504d69462d3bcd67e7b81edd25d0fb85a2c46d3ea3517666636349
nvidia-cuda-runtime-cu12==12.9.79 --hash=sha256:25bba2dfb01d48a9b59ca474a1ac43c6ebf7011f1b0b8cc44f54eb6ac48a96c3 --hash=sha256:8e018af8fa02363876860388bd10ccb89eb9ab8fb0aa749aaf58430a9f7c4891
nvidia-cudnn-cu12==9.5.1.17 --hash=sha256:30ac3869f6db17d170e0e556dd6cc5eee02647abc31ca856634d5a40f82c15b2 --hash=sha256:d7af0f8a4f3b4b9dbb3122f2ef553b45694ed9c384d5a75bab197b8eefb79ab8
nvidia-cufft-cu12==11.4.1.4 --hash=sha256:8e5bfaac795e93f80611f807d42844e8e27e340e0cde270dcb6c65386d795b80 --hash=sha256:c67884f2a7d276b4b80eb56a79322a95df592ae5e765cf1243693365ccab4e28
nvidia-curand-cu12==10.3.7.77 --hash=sha256:6d6d935ffba0f3d439b7cd968192ff068fafd9018dbf1b85b37261b13cfc9905 --hash=sha256:99f1a32f1ac2bd134897fc7a203f779303261268a65762a623bf30cc9fe79117
nvidia-nvjitlink-cu12==12.9.86 --hash=sha256:cc6fcec260ca843c10e34c936921a1c426b351753587fdd638e8cff7b16bb9db --hash=sha256:e3f1171dbdc83c5932a45f0f4c99180a70de9bd2718c1ab77d14104f6d7147f9
onnxruntime-gpu==1.24.4 --hash=sha256:4dde3d2f1039060c42b12fd446fc0da5b836cc65dceb4020ca60a04cffa1d90d --hash=sha256:af9dd7ef92d94c75e5523cf070e180f3d8cdbb2fc007dcea97ba71b03e3b96d6
opencv-python-headless==4.13.0.92 --hash=sha256:0bd48544f77c68b2941392fcdf9bcd2b9cdf00e98cb8c29b2455d194763cf99e --hash=sha256:77a82fe35ddcec0f62c15f2ba8a12ecc2ed4207c17b0902c7a3151ae29f37fb6
packaging==26.1 --hash=sha256:5d9c0669c6285e491e0ced2eee587eaf67b670d94a19e94e3984a481aba6802f
pillow==12.2.0 --hash=sha256:4bfd07bc812fbd20395212969e41931001fd59eb55a60658b0e5710872e95286 --hash=sha256:4e6c62e9d237e9b65fac06857d511e90d8461a32adcc1b9065ea0c0fa3a28150
protobuf==7.34.1 --hash=sha256:bb3812cd53aefea2b028ef42bd780f5b96407247f20c6ef7c679807e9d188f11 --hash=sha256:e97b55646e6ce5cbb0954a8c28cd39a5869b59090dfaa7df4598a7fba869468c
pycparser==3.0 --hash=sha256:b727414169a36b7d524c1c3e31839a521725078d7b2ff038656844266160a992
pycryptodome==3.23.0 --hash=sha256:c75b52aacc6c0c260f204cbdd834f76edc9fb0d8e0da9fbf8352ef58202564e2 --hash=sha256:c8987bd3307a39bc03df5c8e0e3d8be0c4c3518b7f044b0f4c15d1aa78f52575
pyerfa==2.0.1.5 --hash=sha256:0e43c7194e3242083f2350b46c09fd4bf8ba1bcc0ebd1460b98fc47fe2389906 --hash=sha256:66292d437dcf75925b694977aa06eb697126e7b86553e620371ed3e48b5e0ad0
pykrige==1.7.3 --hash=sha256:2e67f055c26edd844384a1e627e3528b1180e13211f8a7aab56c84137c8159da --hash=sha256:541782cf2f2e843619a314cc0caebac2fbba635e07b6a4f333ffe1b1b91852f6
pyyaml==6.0.3 --hash=sha256:4a2e8cebe2ff6ab7d1050ecd59c25d4c8bd7e6f400f5f82b96557ac0abafd0ac --hash=sha256:c458b6d084f9b935061bc36216e8a69a7e293a2f1e68bf956dcd9e6cbcd143f5
requests==2.33.1 --hash=sha256:4e6d1ef462f3626a1f0a0a9c42dd93c63bad33f9f1c1937509b8c5c8718ab56a
sympy==1.14.0 --hash=sha256:e091cc3e99d2141a0ba2847328f5479b05d94a6635cb96148ccb3f34671bd8f5
typing-extensions==4.15.0 --hash=sha256:f0fa19c6845758ab08074a0cfa8b7aecb71c999ca73d62883bc25cc018c4e548
urllib3==2.6.3 --hash=sha256:bf272323e553dfb2e87d9bfd225ca7b0f467b919d7bbd355436d3fd37cb0acd4
xisf==0.9.6 --hash=sha256:93011334098a383cb59c0b7b4b605f7e0bafe645bbed075ea46316c46599a8db
zstandard==0.25.0 --hash=sha256:c19bcdd826e95671065f8692b5a4aa95c52dc7a02a4c5a0cac46deb879a017a2 --hash=sha256:e09bb6252b6476d8d56100e8147b803befa9a12cea144bbe629dd508800d1ad0
